
Microsoft Visual Studio Solution File, Format Version 12.00
# Visual Studio Version 17
VisualStudioVersion = 17.0.32112.339
MinimumVisualStudioVersion = 10.0.40219.1
Project("{FAE04EC0-301F-11D3-BF4B-00C04F79EFBC}") = "week4_atom", "week4_atom\week4_atom.csproj", "{35179B93-FDBF-43DA-BEB0-CE936E76237A}"
EndProject
Global
	GlobalSection(SolutionConfigurationPlatforms) = preSolution
		Debug|Any CPU = Debug|Any CPU
		Release|Any CPU = Release|Any CPU
	EndGlobalSection
	GlobalSection(ProjectConfigurationPlatforms) = postSolution
		{35179B93-FDBF-43DA-BEB0-CE936E76237A}.Debug|Any CPU.ActiveCfg = Debug|Any CPU
		{35179B93-FDBF-43DA-BEB0-CE936E76237A}.Debug|Any CPU.Build.0 = Debug|Any CPU
		{35179B93-FDBF-43DA-BEB0-CE936E76237A}.Release|Any CPU.ActiveCfg = Release|Any CPU
		{35179B93-FDBF-43DA-BEB0-CE936E76237A}.Release|Any CPU.Build.0 = Release|Any CPU
	EndGlobalSection
	GlobalSection(SolutionProperties) = preSolution
		HideSolutionNode = FALSE
	EndGlobalSection
	GlobalSection(ExtensibilityGlobals) = postSolution
		SolutionGuid = {3C3E58F2-FE10-411F-AE63-55C0D046C459}
	EndGlobalSection
EndGlobal
